schema: '2.0'
stages:
  data_ingestion:
    cmd: python src/cnnClassifier/pipeline/stage_01_data_ingestion.py
    deps:
    - path: config/config.yaml
      hash: md5
      md5: b61eacc27afcff9092a57f37ea59a886
      size: 580
    - path: src/cnnClassifier/pipeline/stage_01_data_ingestion.py
      hash: md5
      md5: 874e528834ddf18f2c7de3c0422a8a6b
      size: 1011
    outs:
    - path: artifacts/data_ingestion/Chest-CT-Scan-data
      hash: md5
      md5: 904fa45d934ce879b3b1933dca6cb2f1.dir
      size: 49247431
      nfiles: 343
  prepare_base_model:
    cmd: python src/cnnClassifier/pipeline/stage_02_prepare_base_model.py
    deps:
    - path: config/config.yaml
      hash: md5
      md5: b61eacc27afcff9092a57f37ea59a886
      size: 580
    - path: src/cnnClassifier/pipeline/stage_02_prepare_base_model.py
      hash: md5
      md5: d414be17d51b8ef06849e60634655478
      size: 1082
    params:
      params.yaml:
        CLASSES: 2
        IMAGE_SIZE:
        - 224
        - 224
        - 3
        INCLUDE_TOP: false
        LEARNING_RATE: 0.03
        WEIGHTS: imagenet
    outs:
    - path: artifacts/prepare_base_model
      hash: md5
      md5: fef0dbe92fb21d3d3fea58797e8c1d21.dir
      size: 118054560
      nfiles: 2
  training:
    cmd: python src/cnnClassifier/pipeline/stage_03_model_trainer.py
    deps:
    - path: artifacts/data_ingestion/Chest-CT-Scan-data
      hash: md5
      md5: 904fa45d934ce879b3b1933dca6cb2f1.dir
      size: 49247431
      nfiles: 343
    - path: artifacts/prepare_base_model
      hash: md5
      md5: fef0dbe92fb21d3d3fea58797e8c1d21.dir
      size: 118054560
      nfiles: 2
    - path: config/config.yaml
      hash: md5
      md5: b61eacc27afcff9092a57f37ea59a886
      size: 580
    - path: src/cnnClassifier/pipeline/stage_03_model_trainer.py
      hash: md5
      md5: 9be0d77be5ee7d4dc732c399fa5cb392
      size: 1011
    params:
      params.yaml:
        AUGMENTATION: true
        BATCH_SIZE: 64
        EPOCHS: 1
        IMAGE_SIZE:
        - 224
        - 224
        - 3
    outs:
    - path: artifacts/training/model.h5
      hash: md5
      md5: db303fe95418e0138dd5c6ebdcb685f6
      size: 59337520
  evaluation:
    cmd: python src/cnnClassifier/pipeline/stage_04_model_evaluation.py
    deps:
    - path: artifacts/data_ingestion/Chest-CT-Scan-data
      hash: md5
      md5: 904fa45d934ce879b3b1933dca6cb2f1.dir
      size: 49247431
      nfiles: 343
    - path: artifacts/training/model.h5
      hash: md5
      md5: db303fe95418e0138dd5c6ebdcb685f6
      size: 59337520
    - path: config/config.yaml
      hash: md5
      md5: b61eacc27afcff9092a57f37ea59a886
      size: 580
    - path: src/cnnClassifier/pipeline/stage_04_model_evaluation.py
      hash: md5
      md5: a2b1f8e8d2874738c5f20ebd13cf4e2e
      size: 973
    params:
      params.yaml:
        BATCH_SIZE: 64
        IMAGE_SIZE:
        - 224
        - 224
        - 3
    outs:
    - path: scores.json
      hash: md5
      md5: 5512ace62b81ed91f8664ee034c4054b
      size: 72
